github.com/PagerDuty/godspeed v0.0.0-20180224001232-122876cde329 h1:3q+9OIju0tFi+TUZZuG80mRbXI3MT/L/1vlTb8CcofA=
github.com/PagerDuty/godspeed v0.0.0-20180224001232-122876cde329/go.mod h1:u6OV0JEB9gtT/nTmTNEt6SXkQJW+SBnGWlJoSr+0F+U=
github.com/kr/pretty v0.1.0 h1:L/CwN0zerZDmRFUapSPitk6f+Q3+0za1rQkzVuMiMFI=
github.com/kr/pretty v0.1.0/go.mod h1:dAy3ld7l9f0ibDNOQOHHMYYIIbhfbHSm3C4ZsoJORNo=
github.com/kr/pty v1.1.1/go.mod h1:pFQYn66WHrOpPYNljwOMqo10TkYh1fy3cYio2l3bCsQ=
github.com/kr/text v0.1.0 h1:45sCR5RtlFHMR4UwH9sdQ5TC8v0qDQCHnXt+kaKSTVE=
github.com/kr/text v0.1.0/go.mod h1:4Jbv+DJW3UT/LiOwJeYQe1efqtUx/iVham/4vfdArNI=
github.com/philhofer/fwd v1.0.0 h1:UbZqGr5Y38ApvM/V/jEljVxwocdweyH+vmYvRPBnbqQ=
github.com/philhofer/fwd v1.0.0/go.mod h1:gk3iGcWd9+svBvR0sR+KPcfE+RNWozjowpeBVG3ZVNU=
github.com/redsift/go-cfg v0.1.0 h1:DMcFUm0cHBxVlM2254R70PLbGxbtcFo3FZm9IkJQEvw=
github.com/redsift/go-cfg v0.1.0/go.mod h1:aU2ck918wPW7lVeJv8u6OqNsVY4dDJCiGf8h+PVbUoY=
github.com/redsift/go-errs v0.1.0 h1:dm6L+Jh9tuOmxBMvsp+/Ps0N5C2qzQwxI4vL16edKms=
github.com/redsift/go-errs v0.1.0/go.mod h1:g3NS5RAQ9momWevyjjqRiRlEn5gMcPSmKKyNq/EvBy8=
github.com/redsift/go-foodfans v0.9.0 h1:CC1xXerw4DhsYVuQVkJN2sOruxcOHhKBWePnDrCRdgo=
github.com/redsift/go-foodfans v0.9.0/go.mod h1:9UmPCxsYFs0wy55Xd4oko85JEzpwG+jkEsqUuy4ylxw=
github.com/tinylib/msgp v1.1.2 h1:gWmO7n0Ys2RBEb7GPYB9Ujq8Mk5p2U08lRnmMcGy6BQ=
github.com/tinylib/msgp v1.1.2/go.mod h1:+d+yLhGm8mzTaHzB+wgMYrodPfmZrzkirds8fDWklFE=
golang.org/x/net v0.0.0-20180112015858-5ccada7d0a7b h1:Xu6Gf1IrU0c8CSJqWR43Bh8vb+Ft3jVIUahRiqL1oaI=
golang.org/x/net v0.0.0-20180112015858-5ccada7d0a7b/go.mod h1:mL1N/T3taQHkDXs73rZJwtUhF3w3ftmwwsq0BUmARs4=
gopkg.in/check.v1 v1.0.0-20190902080502-41f04d3bba15 h1:YR8cESwS4TdDjEe65xsg0ogRM/Nc3DYOhEAlW+xobZo=
gopkg.in/check.v1 v1.0.0-20190902080502-41f04d3bba15/go.mod h1:Co6ibVJAznAaIkqp8huTwlJQCZ016jof/cbN4VW5Yz0=
