# This file is autogenerated, do not edit; changes may be undone by the next 'dep ensure'.


[[projects]]
  name = "github.com/DataDog/dd-trace-go"
  packages = [
    "tracer",
    "tracer/ext"
  ]
  revision = "66d30ecd989ecbdc79a95347fca5ba027f625449"
  version = "v0.6.0"

[[projects]]
  name = "github.com/pierrec/xxHash"
  packages = ["xxHash64"]
  revision = "f051bb7f1d1aaf1b5a665d74fb6b0217712c69f7"
  version = "v0.1.1"

[[projects]]
  branch = "master"
  name = "github.com/redsift/go-cfg"
  packages = ["."]
  revision = "1fdf5a6c41faeda9110eb75d32b657b031cf911e"

[[projects]]
  branch = "master"
  name = "github.com/redsift/go-errs"
  packages = ["."]
  revision = "084848d4071627d748dedaa821ee88bf2fa7d032"

[[projects]]
  branch = "master"
  name = "github.com/redsift/go-foodfans"
  packages = [
    ".",
    "lookup"
  ]
  revision = "6c6e105f4a3333b501ab036ce34f4430fa19be9b"

[[projects]]
  branch = "write-to-stream"
  name = "github.com/theckman/godspeed"
  packages = ["."]
  revision = "bb0c16648ac9bba96610bb73c1524fbfc2082a11"
  source = "github.com/deepakprabhakara/godspeed"

[[projects]]
  name = "github.com/ugorji/go"
  packages = ["codec"]
  revision = "9c7f9b7a2bc3a520f7c7b30b34b7f85f47fe27b6"

[[projects]]
  branch = "master"
  name = "golang.org/x/net"
  packages = ["context"]
  revision = "5ccada7d0a7ba9aeb5d3aca8d3501b4c2a509fec"

[[projects]]
  branch = "master"
  name = "golang.org/x/sys"
  packages = ["windows"]
  revision = "fff93fa7cd278d84afc205751523809c464168ab"

[solve-meta]
  analyzer-name = "dep"
  analyzer-version = 1
  inputs-digest = "1d6d47ee4801738de051ae0783230a137dbe51820231bebcce19509116ce8a1a"
  solver-name = "gps-cdcl"
  solver-version = 1
