# This file is autogenerated, do not edit; changes may be undone by the next 'dep ensure'.


[[projects]]
  name = "github.com/DataDog/dd-trace-go"
  packages = ["tracer","tracer/ext"]
  revision = "9234800b7bb0ffae18ca64026c5adcefaeebeadc"
  version = "v0.5.1"

[[projects]]
  name = "github.com/PagerDuty/godspeed"
  packages = ["."]
  revision = "d940a26b3aedd5752c2518b873f5cbd67ef459fb"
  source = "https://github.com/PagerDuty/godspeed"

[[projects]]
  name = "github.com/pierrec/xxHash"
  packages = ["xxHash64"]
  revision = "f051bb7f1d1aaf1b5a665d74fb6b0217712c69f7"
  version = "v0.1.1"

[[projects]]
  branch = "master"
  name = "github.com/redsift/go-cfg"
  packages = ["."]
  revision = "1fdf5a6c41faeda9110eb75d32b657b031cf911e"

[[projects]]
  branch = "master"
  name = "github.com/redsift/go-errs"
  packages = ["."]
  revision = "6d10d659ca6fbd8a460e4b7e0f2d63b531a745eb"

[[projects]]
  branch = "master"
  name = "github.com/redsift/go-foodfans"
  packages = [".","lookup"]
  revision = "6c6e105f4a3333b501ab036ce34f4430fa19be9b"

[[projects]]
  branch = "master"
  name = "github.com/redsift/go-rstid"
  packages = ["."]
  revision = "590099579a67509394fa8da8f7d74534d6ae3257"

[[projects]]
  branch = "master"
  name = "github.com/ugorji/go"
  packages = ["codec"]
  revision = "54210f4e076c57f351166f0ed60e67d3fca57a36"

[[projects]]
  branch = "master"
  name = "golang.org/x/net"
  packages = ["context"]
  revision = "0a9397675ba34b2845f758fe3cd68828369c6517"

[[projects]]
  branch = "master"
  name = "golang.org/x/sys"
  packages = ["windows"]
  revision = "314a259e304ff91bd6985da2a7149bbf91237993"

[solve-meta]
  analyzer-name = "dep"
  analyzer-version = 1
  inputs-digest = "8d6f6d12072263ca982a97b202e3d5050aa7483e4d0062906be7aba0b217099e"
  solver-name = "gps-cdcl"
  solver-version = 1
